{
  "name": "base",
  "version": "1.0.0",
  "lockfileVersion": 1,
  "requires": true,
  "dependencies": {
    "angular": {
      "version": "1.6.6",
      "resolved": "https://registry.npmjs.org/angular/-/angular-1.6.6.tgz",
      "integrity": "sha1-/Vo8+0N844LYVO4BEgeXl4Uny2Q="
    },
    "angular-multiselect": {
      "version": "1.2.0",
      "resolved": "https://registry.npmjs.org/angular-multiselect/-/angular-multiselect-1.2.0.tgz",
      "integrity": "sha1-/zjpNcIRtSEOz0+SrOkHlbt5BLM="
    },
    "angular-ui-grid": {
      "version": "4.0.11",
      "resolved": "https://registry.npmjs.org/angular-ui-grid/-/angular-ui-grid-4.0.11.tgz",
      "integrity": "sha1-lqp1KkH2CiVMGeBSV2iehMZhhiY=",
      "requires": {
        "angular": "1.5.11"
      },
      "dependencies": {
        "angular": {
          "version": "1.5.11",
          "resolved": "https://registry.npmjs.org/angular/-/angular-1.5.11.tgz",
          "integrity": "sha1-jFunOG8VllyazzQp9ogVU6raMNY="
        }
      }
    },
    "ng-tags-input": {
      "version": "3.2.0",
      "resolved": "https://registry.npmjs.org/ng-tags-input/-/ng-tags-input-3.2.0.tgz",
      "integrity": "sha1-kSgt5XUTDIq3lHl/6/CXKw87uj4="
    },
    "underscore": {
      "version": "1.8.3",
      "resolved": "https://registry.npmjs.org/underscore/-/underscore-1.8.3.tgz",
      "integrity": "sha1-Tz+1OxBuYJf8+ctBCfKl6b36UCI="
    }
  }
}
